
Microsoft Visual Studio Solution File, Format Version 12.00
# Visual Studio Version 17
VisualStudioVersion = 17.0.31903.59
MinimumVisualStudioVersion = 10.0.40219.1
Project("{FAE04EC0-301F-11D3-BF4B-00C04F79EFBC}") = "DevJournal.Server", "DevJournal.Server\DevJournal.Server.csproj", "{EBEEBCDB-8A63-4397-ADFF-382C1380E549}"
EndProject
Project("{FAE04EC0-301F-11D3-BF4B-00C04F79EFBC}") = "AotGenerator", "AotGenerator\AotGenerator.csproj", "{A69405FB-F780-4185-BBB5-E502DE35133D}"
EndProject
Global
	GlobalSection(SolutionConfigurationPlatforms) = preSolution
		Debug|Any CPU = Debug|Any CPU
		Release|Any CPU = Release|Any CPU
	EndGlobalSection
	GlobalSection(ProjectConfigurationPlatforms) = postSolution
		{EBEEBCDB-8A63-4397-ADFF-382C1380E549}.Debug|Any CPU.ActiveCfg = Debug|Any CPU
		{EBEEBCDB-8A63-4397-ADFF-382C1380E549}.Debug|Any CPU.Build.0 = Debug|Any CPU
		{EBEEBCDB-8A63-4397-ADFF-382C1380E549}.Release|Any CPU.ActiveCfg = Release|Any CPU
		{EBEEBCDB-8A63-4397-ADFF-382C1380E549}.Release|Any CPU.Build.0 = Release|Any CPU
		{A69405FB-F780-4185-BBB5-E502DE35133D}.Debug|Any CPU.ActiveCfg = Debug|Any CPU
		{A69405FB-F780-4185-BBB5-E502DE35133D}.Debug|Any CPU.Build.0 = Debug|Any CPU
		{A69405FB-F780-4185-BBB5-E502DE35133D}.Release|Any CPU.ActiveCfg = Release|Any CPU
		{A69405FB-F780-4185-BBB5-E502DE35133D}.Release|Any CPU.Build.0 = Release|Any CPU
	EndGlobalSection
	GlobalSection(SolutionProperties) = preSolution
		HideSolutionNode = FALSE
	EndGlobalSection
	GlobalSection(ExtensibilityGlobals) = postSolution
		SolutionGuid = {384EE331-DD6D-486A-AAB2-FAE89668661F}
	EndGlobalSection
EndGlobal
